
Microsoft Visual Studio Solution File, Format Version 12.00
# Visual Studio Version 17
VisualStudioVersion = 17.0.32014.148
MinimumVisualStudioVersion = 10.0.40219.1
Project("{FAE04EC0-301F-11D3-BF4B-00C04F79EFBC}") = "DIProgram1", "DIProgram1\DIProgram1.csproj", "{FB0D6165-D3F6-4128-8E4D-2AC1BF62A03C}"
EndProject
Global
	GlobalSection(SolutionConfigurationPlatforms) = preSolution
		Debug|Any CPU = Debug|Any CPU
		Release|Any CPU = Release|Any CPU
	EndGlobalSection
	GlobalSection(ProjectConfigurationPlatforms) = postSolution
		{FB0D6165-D3F6-4128-8E4D-2AC1BF62A03C}.Debug|Any CPU.ActiveCfg = Debug|Any CPU
		{FB0D6165-D3F6-4128-8E4D-2AC1BF62A03C}.Debug|Any CPU.Build.0 = Debug|Any CPU
		{FB0D6165-D3F6-4128-8E4D-2AC1BF62A03C}.Release|Any CPU.ActiveCfg = Release|Any CPU
		{FB0D6165-D3F6-4128-8E4D-2AC1BF62A03C}.Release|Any CPU.Build.0 = Release|Any CPU
	EndGlobalSection
	GlobalSection(SolutionProperties) = preSolution
		HideSolutionNode = FALSE
	EndGlobalSection
	GlobalSection(ExtensibilityGlobals) = postSolution
		SolutionGuid = {33E73456-9587-400B-871A-7D92287A0B15}
	EndGlobalSection
EndGlobal
